<?xml version="1.0" encoding="utf-8"?>
<Project ToolsVersion="4.0" xmlns="http://schemas.microsoft.com/developer/msbuild/2003">
  <ItemGroup>
    <ClCompile Include="Textausgabe.cpp">
      <Filter>Quelldateien</Filter>
    </ClCompile>
    <ClCompile Include="Ressource.cpp">
      <Filter>Quelldateien</Filter>
    </ClCompile>
    <ClCompile Include="main.cpp">
      <Filter>Quelldateien</Filter>
    </ClCompile>
    <ClCompile Include="Grafik.cpp">
      <Filter>Quelldateien</Filter>
    </ClCompile>
    <ClCompile Include="Ereignis.cpp">
      <Filter>Quelldateien</Filter>
    </ClCompile>
    <ClCompile Include="Datum.cpp">
      <Filter>Quelldateien</Filter>
    </ClCompile>
    <ClCompile Include="Audio.cpp">
      <Filter>Headerdateien</Filter>
    </ClCompile>
  </ItemGroup>
  <ItemGroup>
    <ClInclude Include="Datum.h">
      <Filter>Headerdateien</Filter>
    </ClInclude>
    <ClInclude Include="Audio.h">
      <Filter>Headerdateien</Filter>
    </ClInclude>
    <ClInclude Include="Ereignis.h">
      <Filter>Headerdateien</Filter>
    </ClInclude>
    <ClInclude Include="Grafik.h">
      <Filter>Headerdateien</Filter>
    </ClInclude>
    <ClInclude Include="Ressource.h">
      <Filter>Headerdateien</Filter>
    </ClInclude>
    <ClInclude Include="stdafx.h">
      <Filter>Headerdateien</Filter>
    </ClInclude>
    <ClInclude Include="Textausgabe.h">
      <Filter>Headerdateien</Filter>
    </ClInclude>
  </ItemGroup>
  <ItemGroup>
    <Filter Include="Headerdateien">
      <UniqueIdentifier>{661e19a3-7968-4ea6-bc42-9ef970d49122}</UniqueIdentifier>
    </Filter>
    <Filter Include="Quelldateien">
      <UniqueIdentifier>{ebf3ead8-86e9-4424-94f5-11519f397311}</UniqueIdentifier>
    </Filter>
  </ItemGroup>
</Project>