<?xml version="1.0" encoding="utf-8"?>
<Project ToolsVersion="4.0" xmlns="http://schemas.microsoft.com/developer/msbuild/2003">
  <ItemGroup>
    <ClCompile Include="Audio.cpp">
      <Filter>Quelldateien</Filter>
    </ClCompile>
    <ClCompile Include="CSVcontrol.cpp">
      <Filter>Quelldateien</Filter>
    </ClCompile>
    <ClCompile Include="Datum.cpp">
      <Filter>Quelldateien</Filter>
    </ClCompile>
    <ClCompile Include="End.cpp">
      <Filter>Quelldateien</Filter>
    </ClCompile>
    <ClCompile Include="Ereignis.cpp">
      <Filter>Quelldateien</Filter>
    </ClCompile>
    <ClCompile Include="Grafik.cpp">
      <Filter>Quelldateien</Filter>
    </ClCompile>
    <ClCompile Include="main.cpp">
      <Filter>Quelldateien</Filter>
    </ClCompile>
    <ClCompile Include="Person.cpp">
      <Filter>Quelldateien</Filter>
    </ClCompile>
    <ClCompile Include="Ressource.cpp">
      <Filter>Quelldateien</Filter>
    </ClCompile>
    <ClCompile Include="SetEvents.cpp">
      <Filter>Quelldateien</Filter>
    </ClCompile>
    <ClCompile Include="Textausgabe.cpp">
      <Filter>Quelldateien</Filter>
    </ClCompile>
    <ClCompile Include="Warteschlange.cpp">
      <Filter>Quelldateien</Filter>
    </ClCompile>
    <ClCompile Include="Hintergrund.cpp">
      <Filter>Quelldateien</Filter>
    </ClCompile>
  </ItemGroup>
  <ItemGroup>
    <ClInclude Include="Audio.h">
      <Filter>Header</Filter>
    </ClInclude>
    <ClInclude Include="CSVcontrol.h">
      <Filter>Header</Filter>
    </ClInclude>
    <ClInclude Include="Datum.h">
      <Filter>Header</Filter>
    </ClInclude>
    <ClInclude Include="Ereignis.h">
      <Filter>Header</Filter>
    </ClInclude>
    <ClInclude Include="Grafik.h">
      <Filter>Header</Filter>
    </ClInclude>
    <ClInclude Include="Person.h">
      <Filter>Header</Filter>
    </ClInclude>
    <ClInclude Include="Ressource.h">
      <Filter>Header</Filter>
    </ClInclude>
    <ClInclude Include="SetEvents.h">
      <Filter>Header</Filter>
    </ClInclude>
    <ClInclude Include="stdafx.h">
      <Filter>Header</Filter>
    </ClInclude>
    <ClInclude Include="Textausgabe.h">
      <Filter>Header</Filter>
    </ClInclude>
    <ClInclude Include="Warteschlange.h">
      <Filter>Header</Filter>
    </ClInclude>
  </ItemGroup>
  <ItemGroup>
    <Filter Include="Header">
      <UniqueIdentifier>{f93eb464-4a9d-4eff-8050-47dedf6a28be}</UniqueIdentifier>
    </Filter>
    <Filter Include="Quelldateien">
      <UniqueIdentifier>{c756d338-e918-4422-b83d-2797f7ec4c7e}</UniqueIdentifier>
    </Filter>
  </ItemGroup>
</Project>